
Microsoft Visual Studio Solution File, Format Version 12.00
# Visual Studio Version 16
VisualStudioVersion = 16.0.30804.86
MinimumVisualStudioVersion = 10.0.40219.1
Project("{FAE04EC0-301F-11D3-BF4B-00C04F79EFBC}") = "TwoSums", "TwoSums\TwoSums.csproj", "{68E1241B-BB78-4769-8D38-EE393F347505}"
EndProject
Project("{FAE04EC0-301F-11D3-BF4B-00C04F79EFBC}") = "NUnitTestProject1", "NUnitTestProject1\NUnitTestProject1.csproj", "{B71EC20B-1456-4D63-B223-8479D3819686}"
EndProject
Global
	GlobalSection(SolutionConfigurationPlatforms) = preSolution
		Debug|Any CPU = Debug|Any CPU
		Release|Any CPU = Release|Any CPU
	EndGlobalSection
	GlobalSection(ProjectConfigurationPlatforms) = postSolution
		{68E1241B-BB78-4769-8D38-EE393F347505}.Debug|Any CPU.ActiveCfg = Debug|Any CPU
		{68E1241B-BB78-4769-8D38-EE393F347505}.Debug|Any CPU.Build.0 = Debug|Any CPU
		{68E1241B-BB78-4769-8D38-EE393F347505}.Release|Any CPU.ActiveCfg = Release|Any CPU
		{68E1241B-BB78-4769-8D38-EE393F347505}.Release|Any CPU.Build.0 = Release|Any CPU
		{B71EC20B-1456-4D63-B223-8479D3819686}.Debug|Any CPU.ActiveCfg = Debug|Any CPU
		{B71EC20B-1456-4D63-B223-8479D3819686}.Debug|Any CPU.Build.0 = Debug|Any CPU
		{B71EC20B-1456-4D63-B223-8479D3819686}.Release|Any CPU.ActiveCfg = Release|Any CPU
		{B71EC20B-1456-4D63-B223-8479D3819686}.Release|Any CPU.Build.0 = Release|Any CPU
	EndGlobalSection
	GlobalSection(SolutionProperties) = preSolution
		HideSolutionNode = FALSE
	EndGlobalSection
	GlobalSection(ExtensibilityGlobals) = postSolution
		SolutionGuid = {A7F744A0-090C-4053-BF7D-C230920FB610}
	EndGlobalSection
EndGlobal
